{
  "name": "text-engine-node",
  "version": "0.0.1",
  "lockfileVersion": 1,
  "requires": true,
  "dependencies": {
    "text-engine": {
      "version": "1.0.1",
      "resolved": "https://registry.npmjs.org/text-engine/-/text-engine-1.0.1.tgz",
      "integrity": "sha512-9yfmWrXVfplFaYJ0LNSgt2TYIyjCEWwy9qM3SaxDBJdIvB8afIUlhQO/r1OxHEHXfZIr+qAgUwY2IYVCWZeIsw=="
    }
  }
}
