{
  "name": "text-engine-node",
  "version": "0.0.1",
  "lockfileVersion": 1,
  "requires": true,
  "dependencies": {
    "text-engine": {
      "version": "1.1.1",
      "resolved": "https://registry.npmjs.org/text-engine/-/text-engine-1.1.1.tgz",
      "integrity": "sha512-Swjd7I84zjMhgUiDmrnPfRLMVb/qWLi/6jFNHx7DiWtgMRU65sZp14fEBBLU4u2xta4JKCVAjXx4xqzSU0psGg=="
    }
  }
}
